
Microsoft Visual Studio Solution File, Format Version 12.00
# Visual Studio Version 17
VisualStudioVersion = 17.0.31903.59
MinimumVisualStudioVersion = 10.0.40219.1
Project("{2150E333-8FDC-42A3-9474-1A3956D46DE8}") = "src", "src", "{827E0CD3-B72D-47B6-A68D-7590B98EB39B}"
EndProject
Project("{F2A71F9B-5D33-465A-A702-920D77279786}") = "Skight.AgentPlatform.FSharp", "src\Skight.AgentPlatform.FSharp\Skight.AgentPlatform.FSharp.fsproj", "{94DED31E-4C12-4E5C-9976-5A282A97ACA6}"
EndProject
Project("{2150E333-8FDC-42A3-9474-1A3956D46DE8}") = "tests", "tests", "{0AB3BF05-4346-4AA6-1389-037BE0695223}"
EndProject
Project("{F2A71F9B-5D33-465A-A702-920D77279786}") = "Skight.AgentPlatform.FSharp.Tests", "tests\Skight.AgentPlatform.FSharp.Tests\Skight.AgentPlatform.FSharp.Tests.fsproj", "{5B4E9AFD-3C76-44A3-B42E-4B46C2096DEE}"
EndProject
Project("{2150E333-8FDC-42A3-9474-1A3956D46DE8}") = "AI-EOS-Docs", "AI-EOS-Docs", "{E0F61906-BA55-4EB9-8137-7D3C77D6FA5A}"
	ProjectSection(SolutionItems) = preProject
		..\..\07-Architecture\fsharp\fsharp_refactoring_report.md = ..\..\07-Architecture\fsharp\fsharp_refactoring_report.md
		..\..\07-Architecture\fsharp\fsharp_roadmap_tasks.md = ..\..\07-Architecture\fsharp\fsharp_roadmap_tasks.md
		..\..\07-Architecture\fsharp\fsharp_tools_and_mcp_tasks.md = ..\..\07-Architecture\fsharp\fsharp_tools_and_mcp_tasks.md
		..\..\08-Specification-Driven-Development\AGENT_LOOP_BDD_SPECS.md = ..\..\08-Specification-Driven-Development\AGENT_LOOP_BDD_SPECS.md
		..\..\.agyrules = ..\..\.agyrules
		..\..\.github\copilot-instructions.md = ..\..\.github\copilot-instructions.md
	EndProjectSection
EndProject
Global
	GlobalSection(SolutionConfigurationPlatforms) = preSolution
		Debug|Any CPU = Debug|Any CPU
		Debug|x64 = Debug|x64
		Debug|x86 = Debug|x86
		Release|Any CPU = Release|Any CPU
		Release|x64 = Release|x64
		Release|x86 = Release|x86
	EndGlobalSection
	GlobalSection(ProjectConfigurationPlatforms) = postSolution
		{94DED31E-4C12-4E5C-9976-5A282A97ACA6}.Debug|Any CPU.ActiveCfg = Debug|Any CPU
		{94DED31E-4C12-4E5C-9976-5A282A97ACA6}.Debug|Any CPU.Build.0 = Debug|Any CPU
		{94DED31E-4C12-4E5C-9976-5A282A97ACA6}.Debug|x64.ActiveCfg = Debug|Any CPU
		{94DED31E-4C12-4E5C-9976-5A282A97ACA6}.Debug|x64.Build.0 = Debug|Any CPU
		{94DED31E-4C12-4E5C-9976-5A282A97ACA6}.Debug|x86.ActiveCfg = Debug|Any CPU
		{94DED31E-4C12-4E5C-9976-5A282A97ACA6}.Debug|x86.Build.0 = Debug|Any CPU
		{94DED31E-4C12-4E5C-9976-5A282A97ACA6}.Release|Any CPU.ActiveCfg = Release|Any CPU
		{94DED31E-4C12-4E5C-9976-5A282A97ACA6}.Release|Any CPU.Build.0 = Release|Any CPU
		{94DED31E-4C12-4E5C-9976-5A282A97ACA6}.Release|x64.ActiveCfg = Release|Any CPU
		{94DED31E-4C12-4E5C-9976-5A282A97ACA6}.Release|x64.Build.0 = Release|Any CPU
		{94DED31E-4C12-4E5C-9976-5A282A97ACA6}.Release|x86.ActiveCfg = Release|Any CPU
		{94DED31E-4C12-4E5C-9976-5A282A97ACA6}.Release|x86.Build.0 = Release|Any CPU
		{5B4E9AFD-3C76-44A3-B42E-4B46C2096DEE}.Debug|Any CPU.ActiveCfg = Debug|Any CPU
		{5B4E9AFD-3C76-44A3-B42E-4B46C2096DEE}.Debug|Any CPU.Build.0 = Debug|Any CPU
		{5B4E9AFD-3C76-44A3-B42E-4B46C2096DEE}.Debug|x64.ActiveCfg = Debug|Any CPU
		{5B4E9AFD-3C76-44A3-B42E-4B46C2096DEE}.Debug|x64.Build.0 = Debug|Any CPU
		{5B4E9AFD-3C76-44A3-B42E-4B46C2096DEE}.Debug|x86.ActiveCfg = Debug|Any CPU
		{5B4E9AFD-3C76-44A3-B42E-4B46C2096DEE}.Debug|x86.Build.0 = Debug|Any CPU
		{5B4E9AFD-3C76-44A3-B42E-4B46C2096DEE}.Release|Any CPU.ActiveCfg = Release|Any CPU
		{5B4E9AFD-3C76-44A3-B42E-4B46C2096DEE}.Release|Any CPU.Build.0 = Release|Any CPU
		{5B4E9AFD-3C76-44A3-B42E-4B46C2096DEE}.Release|x64.ActiveCfg = Release|Any CPU
		{5B4E9AFD-3C76-44A3-B42E-4B46C2096DEE}.Release|x64.Build.0 = Release|Any CPU
		{5B4E9AFD-3C76-44A3-B42E-4B46C2096DEE}.Release|x86.ActiveCfg = Release|Any CPU
		{5B4E9AFD-3C76-44A3-B42E-4B46C2096DEE}.Release|x86.Build.0 = Release|Any CPU
	EndGlobalSection
	GlobalSection(SolutionProperties) = preSolution
		HideSolutionNode = FALSE
	EndGlobalSection
	GlobalSection(NestedProjects) = preSolution
		{94DED31E-4C12-4E5C-9976-5A282A97ACA6} = {827E0CD3-B72D-47B6-A68D-7590B98EB39B}
		{5B4E9AFD-3C76-44A3-B42E-4B46C2096DEE} = {0AB3BF05-4346-4AA6-1389-037BE0695223}
	EndGlobalSection
EndGlobal
